
Microsoft Visual Studio Solution File, Format Version 12.00
# Visual Studio Version 17
VisualStudioVersion = 17.9.34728.123
MinimumVisualStudioVersion = 10.0.40219.1
Project("{8BC9CEB8-8B4A-11D0-8D11-00A0C91BC942}") = "실습 12", "실습 12\실습 12.vcxproj", "{76600B9E-3574-42C7-82A4-96FBB999E927}"
EndProject
Global
	GlobalSection(SolutionConfigurationPlatforms) = preSolution
		Debug|x64 = Debug|x64
		Debug|x86 = Debug|x86
		Release|x64 = Release|x64
		Release|x86 = Release|x86
	EndGlobalSection
	GlobalSection(ProjectConfigurationPlatforms) = postSolution
		{76600B9E-3574-42C7-82A4-96FBB999E927}.Debug|x64.ActiveCfg = Debug|x64
		{76600B9E-3574-42C7-82A4-96FBB999E927}.Debug|x64.Build.0 = Debug|x64
		{76600B9E-3574-42C7-82A4-96FBB999E927}.Debug|x86.ActiveCfg = Debug|Win32
		{76600B9E-3574-42C7-82A4-96FBB999E927}.Debug|x86.Build.0 = Debug|Win32
		{76600B9E-3574-42C7-82A4-96FBB999E927}.Release|x64.ActiveCfg = Release|x64
		{76600B9E-3574-42C7-82A4-96FBB999E927}.Release|x64.Build.0 = Release|x64
		{76600B9E-3574-42C7-82A4-96FBB999E927}.Release|x86.ActiveCfg = Release|Win32
		{76600B9E-3574-42C7-82A4-96FBB999E927}.Release|x86.Build.0 = Release|Win32
	EndGlobalSection
	GlobalSection(SolutionProperties) = preSolution
		HideSolutionNode = FALSE
	EndGlobalSection
	GlobalSection(ExtensibilityGlobals) = postSolution
		SolutionGuid = {7C07FC0D-39AA-4E92-9ED3-7BCB0E77C028}
	EndGlobalSection
EndGlobal
